
Microsoft Visual Studio Solution File, Format Version 12.00
# Visual Studio Version 17
VisualStudioVersion = 17.1.32421.90
MinimumVisualStudioVersion = 10.0.40219.1
Project("{FAE04EC0-301F-11D3-BF4B-00C04F79EFBC}") = "Windows Database asp.net", "Windows Database asp.net\Windows Database asp.net.csproj", "{5D1B9096-059D-4BDE-847B-2ABE44DEAB63}"
EndProject
Global
	GlobalSection(SolutionConfigurationPlatforms) = preSolution
		Debug|Any CPU = Debug|Any CPU
		Release|Any CPU = Release|Any CPU
	EndGlobalSection
	GlobalSection(ProjectConfigurationPlatforms) = postSolution
		{5D1B9096-059D-4BDE-847B-2ABE44DEAB63}.Debug|Any CPU.ActiveCfg = Debug|Any CPU
		{5D1B9096-059D-4BDE-847B-2ABE44DEAB63}.Debug|Any CPU.Build.0 = Debug|Any CPU
		{5D1B9096-059D-4BDE-847B-2ABE44DEAB63}.Release|Any CPU.ActiveCfg = Release|Any CPU
		{5D1B9096-059D-4BDE-847B-2ABE44DEAB63}.Release|Any CPU.Build.0 = Release|Any CPU
	EndGlobalSection
	GlobalSection(SolutionProperties) = preSolution
		HideSolutionNode = FALSE
	EndGlobalSection
	GlobalSection(ExtensibilityGlobals) = postSolution
		SolutionGuid = {ED2855EC-1C0C-4ADC-B4B0-3B66C5DB976A}
	EndGlobalSection
EndGlobal
